
Microsoft Visual Studio Solution File, Format Version 12.00
# Visual Studio Version 17
VisualStudioVersion = 17.11.35431.28
MinimumVisualStudioVersion = 10.0.40219.1
Project("{FAE04EC0-301F-11D3-BF4B-00C04F79EFBC}") = "MaterialDetails", "MaterialDetails\MaterialDetails.csproj", "{647E5591-5AD0-499A-80A7-EC5DF9CDDD6A}"
EndProject
Global
	GlobalSection(SolutionConfigurationPlatforms) = preSolution
		Debug|Any CPU = Debug|Any CPU
		Release|Any CPU = Release|Any CPU
	EndGlobalSection
	GlobalSection(ProjectConfigurationPlatforms) = postSolution
		{647E5591-5AD0-499A-80A7-EC5DF9CDDD6A}.Debug|Any CPU.ActiveCfg = Debug|Any CPU
		{647E5591-5AD0-499A-80A7-EC5DF9CDDD6A}.Debug|Any CPU.Build.0 = Debug|Any CPU
		{647E5591-5AD0-499A-80A7-EC5DF9CDDD6A}.Release|Any CPU.ActiveCfg = Release|Any CPU
		{647E5591-5AD0-499A-80A7-EC5DF9CDDD6A}.Release|Any CPU.Build.0 = Release|Any CPU
	EndGlobalSection
	GlobalSection(SolutionProperties) = preSolution
		HideSolutionNode = FALSE
	EndGlobalSection
	GlobalSection(ExtensibilityGlobals) = postSolution
		SolutionGuid = {FE14FAF6-534C-42F6-AA6A-596DEBF9EFF3}
	EndGlobalSection
EndGlobal
